# This file is automatically @generated by Cargo.
# It is not intended for manual editing.
version = 3

[[package]]
name = "forkyou"
version = "0.1.0"
dependencies = [
 "sti",
]

[[package]]
name = "sti"
version = "0.4.0"
source = "git+https://github.com/leddoo/sti#57375dcd873e75408c5a3400ce7b850726423d5e"
